// !$*UTF8*$!
{
	archiveVersion = 1;
	classes = {
	};
	objectVersion = 50;
	objects = {

/* Begin PBXBuildFile section */
		42475137208A23010011767F /* AppDelegate.swift in Sources */ = {isa = PBXBuildFile; fileRef = 42475136208A23010011767F /* AppDelegate.swift */; };
		42475139208A23010011767F /* ViewController.swift in Sources */ = {isa = PBXBuildFile; fileRef = 42475138208A23010011767F /* ViewController.swift */; };
		4247513C208A23010011767F /* Main.storyboard in Resources */ = {isa = PBXBuildFile; fileRef = 4247513A208A23010011767F /* Main.storyboard */; };
		4247513E208A23020011767F /* Assets.xcassets in Resources */ = {isa = PBXBuildFile; fileRef = 4247513D208A23020011767F /* Assets.xcassets */; };
		42475141208A23020011767F /* LaunchScreen.storyboard in Resources */ = {isa = PBXBuildFile; fileRef = 4247513F208A23020011767F /* LaunchScreen.storyboard */; };
		4247514C208A23030011767F /* AnimatedCircularProgressBarTests.swift in Sources */ = {isa = PBXBuildFile; fileRef = 4247514B208A23030011767F /* AnimatedCircularProgressBarTests.swift */; };
		42475157208A23030011767F /* AnimatedCircularProgressBarUITests.swift in Sources */ = {isa = PBXBuildFile; fileRef = 42475156208A23030011767F /* AnimatedCircularProgressBarUITests.swift */; };
		42475165208A23A60011767F /* MyUtils.swift in Sources */ = {isa = PBXBuildFile; fileRef = 42475164208A23A60011767F /* MyUtils.swift */; };
/* End PBXBuildFile section */

/* Begin PBXContainerItemProxy section */
		42475148208A23030011767F /* PBXContainerItemProxy */ = {
			isa = PBXContainerItemProxy;
			containerPortal = 4247512B208A23010011767F /* Project object */;
			proxyType = 1;
			remoteGlobalIDString = 42475132208A23010011767F;
			remoteInfo = AnimatedCircularProgressBar;
		};
		42475153208A23030011767F /* PBXContainerItemProxy */ = {
			isa = PBXContainerItemProxy;
			containerPortal = 4247512B208A23010011767F /* Project object */;
			proxyType = 1;
			remoteGlobalIDString = 42475132208A23010011767F;
			remoteInfo = AnimatedCircularProgressBar;
		};
/* End PBXContainerItemProxy section */

/* Begin PBXFileReference section */
		42475133208A23010011767F /* AnimatedCircularProgressBar.app */ = {isa = PBXFileReference; explicitFileType = wrapper.application; includeInIndex = 0; path = AnimatedCircularProgressBar.app; sourceTree = BUILT_PRODUCTS_DIR; };
		42475136208A23010011767F /* AppDelegate.swift */ = {isa = PBXFileReference; lastKnownFileType = sourcecode.swift; path = AppDelegate.swift; sourceTree = "<group>"; };
		42475138208A23010011767F /* ViewController.swift */ = {isa = PBXFileReference; lastKnownFileType = sourcecode.swift; path = ViewController.swift; sourceTree = "<group>"; };
		4247513B208A23010011767F /* Base */ = {isa = PBXFileReference; lastKnownFileType = file.storyboard; name = Base; path = Base.lproj/Main.storyboard; sourceTree = "<group>"; };
		4247513D208A23020011767F /* Assets.xcassets */ = {isa = PBXFileReference; lastKnownFileType = folder.assetcatalog; path = Assets.xcassets; sourceTree = "<group>"; };
		42475140208A23020011767F /* Base */ = {isa = PBXFileReference; lastKnownFileType = file.storyboard; name = Base; path = Base.lproj/LaunchScreen.storyboard; sourceTree = "<group>"; };
		42475142208A23020011767F /* Info.plist */ = {isa = PBXFileReference; lastKnownFileType = text.plist.xml; path = Info.plist; sourceTree = "<group>"; };
		42475147208A23030011767F /* AnimatedCircularProgressBarTests.xctest */ = {isa = PBXFileReference; explicitFileType = wrapper.cfbundle; includeInIndex = 0; path = AnimatedCircularProgressBarTests.xctest; sourceTree = BUILT_PRODUCTS_DIR; };
		4247514B208A23030011767F /* AnimatedCircularProgressBarTests.swift */ = {isa = PBXFileReference; lastKnownFileType = sourcecode.swift; path = AnimatedCircularProgressBarTests.swift; sourceTree = "<group>"; };
		4247514D208A23030011767F /* Info.plist */ = {isa = PBXFileReference; lastKnownFileType = text.plist.xml; path = Info.plist; sourceTree = "<group>"; };
		42475152208A23030011767F /* AnimatedCircularProgressBarUITests.xctest */ = {isa = PBXFileReference; explicitFileType = wrapper.cfbundle; includeInIndex = 0; path = AnimatedCircularProgressBarUITests.xctest; sourceTree = BUILT_PRODUCTS_DIR; };
		42475156208A23030011767F /* AnimatedCircularProgressBarUITests.swift */ = {isa = PBXFileReference; lastKnownFileType = sourcecode.swift; path = AnimatedCircularProgressBarUITests.swift; sourceTree = "<group>"; };
		42475158208A23030011767F /* Info.plist */ = {isa = PBXFileReference; lastKnownFileType = text.plist.xml; path = Info.plist; sourceTree = "<group>"; };
		42475164208A23A60011767F /* MyUtils.swift */ = {isa = PBXFileReference; lastKnownFileType = sourcecode.swift; path = MyUtils.swift; sourceTree = "<group>"; };
/* End PBXFileReference section */

/* Begin PBXFrameworksBuildPhase section */
		42475130208A23010011767F /* Frameworks */ = {
			isa = PBXFrameworksBuildPhase;
			buildActionMask = 2147483647;
			files = (
			);
			runOnlyForDeploymentPostprocessing = 0;
		};
		42475144208A23030011767F /* Frameworks */ = {
			isa = PBXFrameworksBuildPhase;
			buildActionMask = 2147483647;
			files = (
			);
			runOnlyForDeploymentPostprocessing = 0;
		};
		4247514F208A23030011767F /* Frameworks */ = {
			isa = PBXFrameworksBuildPhase;
			buildActionMask = 2147483647;
			files = (
			);
			runOnlyForDeploymentPostprocessing = 0;
		};
/* End PBXFrameworksBuildPhase section */

/* Begin PBXGroup section */
		4247512A208A23010011767F = {
			isa = PBXGroup;
			children = (
				42475135208A23010011767F /* AnimatedCircularProgressBar */,
				4247514A208A23030011767F /* AnimatedCircularProgressBarTests */,
				42475155208A23030011767F /* AnimatedCircularProgressBarUITests */,
				42475134208A23010011767F /* Products */,
			);
			sourceTree = "<group>";
		};
		42475134208A23010011767F /* Products */ = {
			isa = PBXGroup;
			children = (
				42475133208A23010011767F /* AnimatedCircularProgressBar.app */,
				42475147208A23030011767F /* AnimatedCircularProgressBarTests.xctest */,
				42475152208A23030011767F /* AnimatedCircularProgressBarUITests.xctest */,
			);
			name = Products;
			sourceTree = "<group>";
		};
		42475135208A23010011767F /* AnimatedCircularProgressBar */ = {
			isa = PBXGroup;
			children = (
				42475136208A23010011767F /* AppDelegate.swift */,
				42475138208A23010011767F /* ViewController.swift */,
				4247513A208A23010011767F /* Main.storyboard */,
				4247513D208A23020011767F /* Assets.xcassets */,
				4247513F208A23020011767F /* LaunchScreen.storyboard */,
				42475142208A23020011767F /* Info.plist */,
				42475164208A23A60011767F /* MyUtils.swift */,
			);
			path = AnimatedCircularProgressBar;
			sourceTree = "<group>";
		};
		4247514A208A23030011767F /* AnimatedCircularProgressBarTests */ = {
			isa = PBXGroup;
			children = (
				4247514B208A23030011767F /* AnimatedCircularProgressBarTests.swift */,
				4247514D208A23030011767F /* Info.plist */,
			);
			path = AnimatedCircularProgressBarTests;
			sourceTree = "<group>";
		};
		42475155208A23030011767F /* AnimatedCircularProgressBarUITests */ = {
			isa = PBXGroup;
			children = (
				42475156208A23030011767F /* AnimatedCircularProgressBarUITests.swift */,
				42475158208A23030011767F /* Info.plist */,
			);
			path = AnimatedCircularProgressBarUITests;
			sourceTree = "<group>";
		};
/* End PBXGroup section */

/* Begin PBXNativeTarget section */
		42475132208A23010011767F /* AnimatedCircularProgressBar */ = {
			isa = PBXNativeTarget;
			buildConfigurationList = 4247515B208A23030011767F /* Build configuration list for PBXNativeTarget "AnimatedCircularProgressBar" */;
			buildPhases = (
				4247512F208A23010011767F /* Sources */,
				42475130208A23010011767F /* Frameworks */,
				42475131208A23010011767F /* Resources */,
			);
			buildRules = (
			);
			dependencies = (
			);
			name = AnimatedCircularProgressBar;
			productName = AnimatedCircularProgressBar;
			productReference = 42475133208A23010011767F /* AnimatedCircularProgressBar.app */;
			productType = "com.apple.product-type.application";
		};
		42475146208A23030011767F /* AnimatedCircularProgressBarTests */ = {
			isa = PBXNativeTarget;
			buildConfigurationList = 4247515E208A23030011767F /* Build configuration list for PBXNativeTarget "AnimatedCircularProgressBarTests" */;
			buildPhases = (
				42475143208A23030011767F /* Sources */,
				42475144208A23030011767F /* Frameworks */,
				42475145208A23030011767F /* Resources */,
			);
			buildRules = (
			);
			dependencies = (
				42475149208A23030011767F /* PBXTargetDependency */,
			);
			name = AnimatedCircularProgressBarTests;
			productName = AnimatedCircularProgressBarTests;
			productReference = 42475147208A23030011767F /* AnimatedCircularProgressBarTests.xctest */;
			productType = "com.apple.product-type.bundle.unit-test";
		};
		42475151208A23030011767F /* AnimatedCircularProgressBarUITests */ = {
			isa = PBXNativeTarget;
			buildConfigurationList = 42475161208A23030011767F /* Build configuration list for PBXNativeTarget "AnimatedCircularProgressBarUITests" */;
			buildPhases = (
				4247514E208A23030011767F /* Sources */,
				4247514F208A23030011767F /* Frameworks */,
				42475150208A23030011767F /* Resources */,
			);
			buildRules = (
			);
			dependencies = (
				42475154208A23030011767F /* PBXTargetDependency */,
			);
			name = AnimatedCircularProgressBarUITests;
			productName = AnimatedCircularProgressBarUITests;
			productReference = 42475152208A23030011767F /* AnimatedCircularProgressBarUITests.xctest */;
			productType = "com.apple.product-type.bundle.ui-testing";
		};
/* End PBXNativeTarget section */

/* Begin PBXProject section */
		4247512B208A23010011767F /* Project object */ = {
			isa = PBXProject;
			attributes = {
				LastSwiftUpdateCheck = 0930;
				LastUpgradeCheck = 0930;
				ORGANIZATIONNAME = "Marco Falanga";
				TargetAttributes = {
					42475132208A23010011767F = {
						CreatedOnToolsVersion = 9.3;
					};
					42475146208A23030011767F = {
						CreatedOnToolsVersion = 9.3;
						TestTargetID = 42475132208A23010011767F;
					};
					42475151208A23030011767F = {
						CreatedOnToolsVersion = 9.3;
						TestTargetID = 42475132208A23010011767F;
					};
				};
			};
			buildConfigurationList = 4247512E208A23010011767F /* Build configuration list for PBXProject "AnimatedCircularProgressBar" */;
			compatibilityVersion = "Xcode 9.3";
			developmentRegion = en;
			hasScannedForEncodings = 0;
			knownRegions = (
				en,
				Base,
			);
			mainGroup = 4247512A208A23010011767F;
			productRefGroup = 42475134208A23010011767F /* Products */;
			projectDirPath = "";
			projectRoot = "";
			targets = (
				42475132208A23010011767F /* AnimatedCircularProgressBar */,
				42475146208A23030011767F /* AnimatedCircularProgressBarTests */,
				42475151208A23030011767F /* AnimatedCircularProgressBarUITests */,
			);
		};
/* End PBXProject section */

/* Begin PBXResourcesBuildPhase section */
		42475131208A23010011767F /* Resources */ = {
			isa = PBXResourcesBuildPhase;
			buildActionMask = 2147483647;
			files = (
				42475141208A23020011767F /* LaunchScreen.storyboard in Resources */,
				4247513E208A23020011767F /* Assets.xcassets in Resources */,
				4247513C208A23010011767F /* Main.storyboard in Resources */,
			);
			runOnlyForDeploymentPostprocessing = 0;
		};
		42475145208A23030011767F /* Resources */ = {
			isa = PBXResourcesBuildPhase;
			buildActionMask = 2147483647;
			files = (
			);
			runOnlyForDeploymentPostprocessing = 0;
		};
		42475150208A23030011767F /* Resources */ = {
			isa = PBXResourcesBuildPhase;
			buildActionMask = 2147483647;
			files = (
			);
			runOnlyForDeploymentPostprocessing = 0;
		};
/* End PBXResourcesBuildPhase section */

/* Begin PBXSourcesBuildPhase section */
		4247512F208A23010011767F /* Sources */ = {
			isa = PBXSourcesBuildPhase;
			buildActionMask = 2147483647;
			files = (
				42475139208A23010011767F /* ViewController.swift in Sources */,
				42475165208A23A60011767F /* MyUtils.swift in Sources */,
				42475137208A23010011767F /* AppDelegate.swift in Sources */,
			);
			runOnlyForDeploymentPostprocessing = 0;
		};
		42475143208A23030011767F /* Sources */ = {
			isa = PBXSourcesBuildPhase;
			buildActionMask = 2147483647;
			files = (
				4247514C208A23030011767F /* AnimatedCircularProgressBarTests.swift in Sources */,
			);
			runOnlyForDeploymentPostprocessing = 0;
		};
		4247514E208A23030011767F /* Sources */ = {
			isa = PBXSourcesBuildPhase;
			buildActionMask = 2147483647;
			files = (
				42475157208A23030011767F /* AnimatedCircularProgressBarUITests.swift in Sources */,
			);
			runOnlyForDeploymentPostprocessing = 0;
		};
/* End PBXSourcesBuildPhase section */

/* Begin PBXTargetDependency section */
		42475149208A23030011767F /* PBXTargetDependency */ = {
			isa = PBXTargetDependency;
			target = 42475132208A23010011767F /* AnimatedCircularProgressBar */;
			targetProxy = 42475148208A23030011767F /* PBXContainerItemProxy */;
		};
		42475154208A23030011767F /* PBXTargetDependency */ = {
			isa = PBXTargetDependency;
			target = 42475132208A23010011767F /* AnimatedCircularProgressBar */;
			targetProxy = 42475153208A23030011767F /* PBXContainerItemProxy */;
		};
/* End PBXTargetDependency section */

/* Begin PBXVariantGroup section */
		4247513A208A23010011767F /* Main.storyboard */ = {
			isa = PBXVariantGroup;
			children = (
				4247513B208A23010011767F /* Base */,
			);
			name = Main.storyboard;
			sourceTree = "<group>";
		};
		4247513F208A23020011767F /* LaunchScreen.storyboard */ = {
			isa = PBXVariantGroup;
			children = (
				42475140208A23020011767F /* Base */,
			);
			name = LaunchScreen.storyboard;
			sourceTree = "<group>";
		};
/* End PBXVariantGroup section */

/* Begin XCBuildConfiguration section */
		42475159208A23030011767F /* Debug */ = {
			isa = XCBuildConfiguration;
			buildSettings = {
				ALWAYS_SEARCH_USER_PATHS = NO;
				CLANG_ANALYZER_NONNULL = YES;
				CLANG_ANALYZER_NUMBER_OBJECT_CONVERSION = YES_AGGRESSIVE;
				CLANG_CXX_LANGUAGE_STANDARD = "gnu++14";
				CLANG_CXX_LIBRARY = "libc++";
				CLANG_ENABLE_MODULES = YES;
				CLANG_ENABLE_OBJC_ARC = YES;
				CLANG_ENABLE_OBJC_WEAK = YES;
				CLANG_WARN_BLOCK_CAPTURE_AUTORELEASING = YES;
				CLANG_WARN_BOOL_CONVERSION = YES;
				CLANG_WARN_COMMA = YES;
				CLANG_WARN_CONSTANT_CONVERSION = YES;
				CLANG_WARN_DEPRECATED_OBJC_IMPLEMENTATIONS = YES;
				CLANG_WARN_DIRECT_OBJC_ISA_USAGE = YES_ERROR;
				CLANG_WARN_DOCUMENTATION_COMMENTS = YES;
				CLANG_WARN_EMPTY_BODY = YES;
				CLANG_WARN_ENUM_CONVERSION = YES;
				CLANG_WARN_INFINITE_RECURSION = YES;
				CLANG_WARN_INT_CONVERSION = YES;
				CLANG_WARN_NON_LITERAL_NULL_CONVERSION = YES;
				CLANG_WARN_OBJC_IMPLICIT_RETAIN_SELF = YES;
				CLANG_WARN_OBJC_LITERAL_CONVERSION = YES;
				CLANG_WARN_OBJC_ROOT_CLASS = YES_ERROR;
				CLANG_WARN_RANGE_LOOP_ANALYSIS = YES;
				CLANG_WARN_STRICT_PROTOTYPES = YES;
				CLANG_WARN_SUSPICIOUS_MOVE = YES;
				CLANG_WARN_UNGUARDED_AVAILABILITY = YES_AGGRESSIVE;
				CLANG_WARN_UNREACHABLE_CODE = YES;
				CLANG_WARN__DUPLICATE_METHOD_MATCH = YES;
				CODE_SIGN_IDENTITY = "iPhone Developer";
				COPY_PHASE_STRIP = NO;
				DEBUG_INFORMATION_FORMAT = dwarf;
				ENABLE_STRICT_OBJC_MSGSEND = YES;
				ENABLE_TESTABILITY = YES;
				GCC_C_LANGUAGE_STANDARD = gnu11;
				GCC_DYNAMIC_NO_PIC = NO;
				GCC_NO_COMMON_BLOCKS = YES;
				GCC_OPTIMIZATION_LEVEL = 0;
				GCC_PREPROCESSOR_DEFINITIONS = (
					"DEBUG=1",
					"$(inherited)",
				);
				GCC_WARN_64_TO_32_BIT_CONVERSION = YES;
				GCC_WARN_ABOUT_RETURN_TYPE = YES_ERROR;
				GCC_WARN_UNDECLARED_SELECTOR = YES;
				GCC_WARN_UNINITIALIZED_AUTOS = YES_AGGRESSIVE;
				GCC_WARN_UNUSED_FUNCTION = YES;
				GCC_WARN_UNUSED_VARIABLE = YES;
				IPHONEOS_DEPLOYMENT_TARGET = 11.3;
				MTL_ENABLE_DEBUG_INFO = YES;
				ONLY_ACTIVE_ARCH = YES;
				SDKROOT = iphoneos;
				SWIFT_ACTIVE_COMPILATION_CONDITIONS = DEBUG;
				SWIFT_OPTIMIZATION_LEVEL = "-Onone";
			};
			name = Debug;
		};
		4247515A208A23030011767F /* Release */ = {
			isa = XCBuildConfiguration;
			buildSettings = {
				ALWAYS_SEARCH_USER_PATHS = NO;
				CLANG_ANALYZER_NONNULL = YES;
				CLANG_ANALYZER_NUMBER_OBJECT_CONVERSION = YES_AGGRESSIVE;
				CLANG_CXX_LANGUAGE_STANDARD = "gnu++14";
				CLANG_CXX_LIBRARY = "libc++";
				CLANG_ENABLE_MODULES = YES;
				CLANG_ENABLE_OBJC_ARC = YES;
				CLANG_ENABLE_OBJC_WEAK = YES;
				CLANG_WARN_BLOCK_CAPTURE_AUTORELEASING = YES;
				CLANG_WARN_BOOL_CONVERSION = YES;
				CLANG_WARN_COMMA = YES;
				CLANG_WARN_CONSTANT_CONVERSION = YES;
				CLANG_WARN_DEPRECATED_OBJC_IMPLEMENTATIONS = YES;
				CLANG_WARN_DIRECT_OBJC_ISA_USAGE = YES_ERROR;
				CLANG_WARN_DOCUMENTATION_COMMENTS = YES;
				CLANG_WARN_EMPTY_BODY = YES;
				CLANG_WARN_ENUM_CONVERSION = YES;
				CLANG_WARN_INFINITE_RECURSION = YES;
				CLANG_WARN_INT_CONVERSION = YES;
				CLANG_WARN_NON_LITERAL_NULL_CONVERSION = YES;
				CLANG_WARN_OBJC_IMPLICIT_RETAIN_SELF = YES;
				CLANG_WARN_OBJC_LITERAL_CONVERSION = YES;
				CLANG_WARN_OBJC_ROOT_CLASS = YES_ERROR;
				CLANG_WARN_RANGE_LOOP_ANALYSIS = YES;
				CLANG_WARN_STRICT_PROTOTYPES = YES;
				CLANG_WARN_SUSPICIOUS_MOVE = YES;
				CLANG_WARN_UNGUARDED_AVAILABILITY = YES_AGGRESSIVE;
				CLANG_WARN_UNREACHABLE_CODE = YES;
				CLANG_WARN__DUPLICATE_METHOD_MATCH = YES;
				CODE_SIGN_IDENTITY = "iPhone Developer";
				COPY_PHASE_STRIP = NO;
				DEBUG_INFORMATION_FORMAT = "dwarf-with-dsym";
				ENABLE_NS_ASSERTIONS = NO;
				ENABLE_STRICT_OBJC_MSGSEND = YES;
				GCC_C_LANGUAGE_STANDARD = gnu11;
				GCC_NO_COMMON_BLOCKS = YES;
				GCC_WARN_64_TO_32_BIT_CONVERSION = YES;
				GCC_WARN_ABOUT_RETURN_TYPE = YES_ERROR;
				GCC_WARN_UNDECLARED_SELECTOR = YES;
				GCC_WARN_UNINITIALIZED_AUTOS = YES_AGGRESSIVE;
				GCC_WARN_UNUSED_FUNCTION = YES;
				GCC_WARN_UNUSED_VARIABLE = YES;
				IPHONEOS_DEPLOYMENT_TARGET = 11.3;
				MTL_ENABLE_DEBUG_INFO = NO;
				SDKROOT = iphoneos;
				SWIFT_COMPILATION_MODE = wholemodule;
				SWIFT_OPTIMIZATION_LEVEL = "-O";
				VALIDATE_PRODUCT = YES;
			};
			name = Release;
		};
		4247515C208A23030011767F /* Debug */ = {
			isa = XCBuildConfiguration;
			buildSettings = {
				ASSETCATALOG_COMPILER_APPICON_NAME = AppIcon;
				CODE_SIGN_STYLE = Automatic;
				DEVELOPMENT_TEAM = L4CBTPH6UD;
				INFOPLIST_FILE = AnimatedCircularProgressBar/Info.plist;
				LD_RUNPATH_SEARCH_PATHS = (
					"$(inherited)",
					"@executable_path/Frameworks",
				);
				PRODUCT_BUNDLE_IDENTIFIER = com.mrcfal.AnimatedCircularProgressBar;
				PRODUCT_NAME = "$(TARGET_NAME)";
				SWIFT_VERSION = 4.0;
				TARGETED_DEVICE_FAMILY = "1,2";
			};
			name = Debug;
		};
		4247515D208A23030011767F /* Release */ = {
			isa = XCBuildConfiguration;
			buildSettings = {
				ASSETCATALOG_COMPILER_APPICON_NAME = AppIcon;
				CODE_SIGN_STYLE = Automatic;
				DEVELOPMENT_TEAM = L4CBTPH6UD;
				INFOPLIST_FILE = AnimatedCircularProgressBar/Info.plist;
				LD_RUNPATH_SEARCH_PATHS = (
					"$(inherited)",
					"@executable_path/Frameworks",
				);
				PRODUCT_BUNDLE_IDENTIFIER = com.mrcfal.AnimatedCircularProgressBar;
				PRODUCT_NAME = "$(TARGET_NAME)";
				SWIFT_VERSION = 4.0;
				TARGETED_DEVICE_FAMILY = "1,2";
			};
			name = Release;
		};
		4247515F208A23030011767F /* Debug */ = {
			isa = XCBuildConfiguration;
			buildSettings = {
				ALWAYS_EMBED_SWIFT_STANDARD_LIBRARIES = YES;
				BUNDLE_LOADER = "$(TEST_HOST)";
				CODE_SIGN_STYLE = Automatic;
				DEVELOPMENT_TEAM = L4CBTPH6UD;
				INFOPLIST_FILE = AnimatedCircularProgressBarTests/Info.plist;
				LD_RUNPATH_SEARCH_PATHS = (
					"$(inherited)",
					"@executable_path/Frameworks",
					"@loader_path/Frameworks",
				);
				PRODUCT_BUNDLE_IDENTIFIER = com.mrcfal.AnimatedCircularProgressBarTests;
				PRODUCT_NAME = "$(TARGET_NAME)";
				SWIFT_VERSION = 4.0;
				TARGETED_DEVICE_FAMILY = "1,2";
				TEST_HOST = "$(BUILT_PRODUCTS_DIR)/AnimatedCircularProgressBar.app/AnimatedCircularProgressBar";
			};
			name = Debug;
		};
		42475160208A23030011767F /* Release */ = {
			isa = XCBuildConfiguration;
			buildSettings = {
				ALWAYS_EMBED_SWIFT_STANDARD_LIBRARIES = YES;
				BUNDLE_LOADER = "$(TEST_HOST)";
				CODE_SIGN_STYLE = Automatic;
				DEVELOPMENT_TEAM = L4CBTPH6UD;
				INFOPLIST_FILE = AnimatedCircularProgressBarTests/Info.plist;
				LD_RUNPATH_SEARCH_PATHS = (
					"$(inherited)",
					"@executable_path/Frameworks",
					"@loader_path/Frameworks",
				);
				PRODUCT_BUNDLE_IDENTIFIER = com.mrcfal.AnimatedCircularProgressBarTests;
				PRODUCT_NAME = "$(TARGET_NAME)";
				SWIFT_VERSION = 4.0;
				TARGETED_DEVICE_FAMILY = "1,2";
				TEST_HOST = "$(BUILT_PRODUCTS_DIR)/AnimatedCircularProgressBar.app/AnimatedCircularProgressBar";
			};
			name = Release;
		};
		42475162208A23030011767F /* Debug */ = {
			isa = XCBuildConfiguration;
			buildSettings = {
				ALWAYS_EMBED_SWIFT_STANDARD_LIBRARIES = YES;
				CODE_SIGN_STYLE = Automatic;
				DEVELOPMENT_TEAM = L4CBTPH6UD;
				INFOPLIST_FILE = AnimatedCircularProgressBarUITests/Info.plist;
				LD_RUNPATH_SEARCH_PATHS = (
					"$(inherited)",
					"@executable_path/Frameworks",
					"@loader_path/Frameworks",
				);
				PRODUCT_BUNDLE_IDENTIFIER = com.mrcfal.AnimatedCircularProgressBarUITests;
				PRODUCT_NAME = "$(TARGET_NAME)";
				SWIFT_VERSION = 4.0;
				TARGETED_DEVICE_FAMILY = "1,2";
				TEST_TARGET_NAME = AnimatedCircularProgressBar;
			};
			name = Debug;
		};
		42475163208A23030011767F /* Release */ = {
			isa = XCBuildConfiguration;
			buildSettings = {
				ALWAYS_EMBED_SWIFT_STANDARD_LIBRARIES = YES;
				CODE_SIGN_STYLE = Automatic;
				DEVELOPMENT_TEAM = L4CBTPH6UD;
				INFOPLIST_FILE = AnimatedCircularProgressBarUITests/Info.plist;
				LD_RUNPATH_SEARCH_PATHS = (
					"$(inherited)",
					"@executable_path/Frameworks",
					"@loader_path/Frameworks",
				);
				PRODUCT_BUNDLE_IDENTIFIER = com.mrcfal.AnimatedCircularProgressBarUITests;
				PRODUCT_NAME = "$(TARGET_NAME)";
				SWIFT_VERSION = 4.0;
				TARGETED_DEVICE_FAMILY = "1,2";
				TEST_TARGET_NAME = AnimatedCircularProgressBar;
			};
			name = Release;
		};
/* End XCBuildConfiguration section */

/* Begin XCConfigurationList section */
		4247512E208A23010011767F /* Build configuration list for PBXProject "AnimatedCircularProgressBar" */ = {
			isa = XCConfigurationList;
			buildConfigurations = (
				42475159208A23030011767F /* Debug */,
				4247515A208A23030011767F /* Release */,
			);
			defaultConfigurationIsVisible = 0;
			defaultConfigurationName = Release;
		};
		4247515B208A23030011767F /* Build configuration list for PBXNativeTarget "AnimatedCircularProgressBar" */ = {
			isa = XCConfigurationList;
			buildConfigurations = (
				4247515C208A23030011767F /* Debug */,
				4247515D208A23030011767F /* Release */,
			);
			defaultConfigurationIsVisible = 0;
			defaultConfigurationName = Release;
		};
		4247515E208A23030011767F /* Build configuration list for PBXNativeTarget "AnimatedCircularProgressBarTests" */ = {
			isa = XCConfigurationList;
			buildConfigurations = (
				4247515F208A23030011767F /* Debug */,
				42475160208A23030011767F /* Release */,
			);
			defaultConfigurationIsVisible = 0;
			defaultConfigurationName = Release;
		};
		42475161208A23030011767F /* Build configuration list for PBXNativeTarget "AnimatedCircularProgressBarUITests" */ = {
			isa = XCConfigurationList;
			buildConfigurations = (
				42475162208A23030011767F /* Debug */,
				42475163208A23030011767F /* Release */,
			);
			defaultConfigurationIsVisible = 0;
			defaultConfigurationName = Release;
		};
/* End XCConfigurationList section */
	};
	rootObject = 4247512B208A23010011767F /* Project object */;
}
